// !$*UTF8*$!
{
	archiveVersion = 1;
	classes = {
	};
	objectVersion = 46;
	objects = {

/* Begin PBXBuildFile section */
		1E90F346197F656E00F95859 /* AppDelegate.swift in Sources */ = {isa = PBXBuildFile; fileRef = 1E90F345197F656E00F95859 /* AppDelegate.swift */; };
		1E90F348197F656E00F95859 /* MasterViewController.swift in Sources */ = {isa = PBXBuildFile; fileRef = 1E90F347197F656E00F95859 /* MasterViewController.swift */; };
		1E90F34A197F656E00F95859 /* DetailViewController.swift in Sources */ = {isa = PBXBuildFile; fileRef = 1E90F349197F656E00F95859 /* DetailViewController.swift */; };
		1E90F34D197F656E00F95859 /* Main.storyboard in Resources */ = {isa = PBXBuildFile; fileRef = 1E90F34B197F656E00F95859 /* Main.storyboard */; };
		1E90F34F197F656E00F95859 /* Images.xcassets in Resources */ = {isa = PBXBuildFile; fileRef = 1E90F34E197F656E00F95859 /* Images.xcassets */; };
		1E90F35B197F656E00F95859 /* swift_sampleTests.swift in Sources */ = {isa = PBXBuildFile; fileRef = 1E90F35A197F656E00F95859 /* swift_sampleTests.swift */; };
/* End PBXBuildFile section */

/* Begin PBXContainerItemProxy section */
		1E90F355197F656E00F95859 /* PBXContainerItemProxy */ = {
			isa = PBXContainerItemProxy;
			containerPortal = 1E90F338197F656E00F95859 /* Project object */;
			proxyType = 1;
			remoteGlobalIDString = 1E90F33F197F656E00F95859;
			remoteInfo = "swift-sample";
		};
/* End PBXContainerItemProxy section */

/* Begin PBXFileReference section */
		1E90F340197F656E00F95859 /* swift-sample.app */ = {isa = PBXFileReference; explicitFileType = wrapper.application; includeInIndex = 0; path = "swift-sample.app"; sourceTree = BUILT_PRODUCTS_DIR; };
		1E90F344197F656E00F95859 /* Info.plist */ = {isa = PBXFileReference; lastKnownFileType = text.plist.xml; path = Info.plist; sourceTree = "<group>"; };
		1E90F345197F656E00F95859 /* AppDelegate.swift */ = {isa = PBXFileReference; lastKnownFileType = sourcecode.swift; path = AppDelegate.swift; sourceTree = "<group>"; };
		1E90F347197F656E00F95859 /* MasterViewController.swift */ = {isa = PBXFileReference; lastKnownFileType = sourcecode.swift; path = MasterViewController.swift; sourceTree = "<group>"; };
		1E90F349197F656E00F95859 /* DetailViewController.swift */ = {isa = PBXFileReference; lastKnownFileType = sourcecode.swift; path = DetailViewController.swift; sourceTree = "<group>"; };
		1E90F34C197F656E00F95859 /* Base */ = {isa = PBXFileReference; lastKnownFileType = file.storyboard; name = Base; path = Base.lproj/Main.storyboard; sourceTree = "<group>"; };
		1E90F34E197F656E00F95859 /* Images.xcassets */ = {isa = PBXFileReference; lastKnownFileType = folder.assetcatalog; path = Images.xcassets; sourceTree = "<group>"; };
		1E90F354197F656E00F95859 /* swift-sampleTests.xctest */ = {isa = PBXFileReference; explicitFileType = wrapper.cfbundle; includeInIndex = 0; path = "swift-sampleTests.xctest"; sourceTree = BUILT_PRODUCTS_DIR; };
		1E90F359197F656E00F95859 /* Info.plist */ = {isa = PBXFileReference; lastKnownFileType = text.plist.xml; path = Info.plist; sourceTree = "<group>"; };
		1E90F35A197F656E00F95859 /* swift_sampleTests.swift */ = {isa = PBXFileReference; lastKnownFileType = sourcecode.swift; path = swift_sampleTests.swift; sourceTree = "<group>"; };
/* End PBXFileReference section */

/* Begin PBXFrameworksBuildPhase section */
		1E90F33D197F656E00F95859 /* Frameworks */ = {
			isa = PBXFrameworksBuildPhase;
			buildActionMask = 2147483647;
			files = (
			);
			runOnlyForDeploymentPostprocessing = 0;
		};
		1E90F351197F656E00F95859 /* Frameworks */ = {
			isa = PBXFrameworksBuildPhase;
			buildActionMask = 2147483647;
			files = (
			);
			runOnlyForDeploymentPostprocessing = 0;
		};
/* End PBXFrameworksBuildPhase section */

/* Begin PBXGroup section */
		1E90F337197F656E00F95859 = {
			isa = PBXGroup;
			children = (
				1E90F342197F656E00F95859 /* swift-sample */,
				1E90F357197F656E00F95859 /* swift-sampleTests */,
				1E90F341197F656E00F95859 /* Products */,
			);
			sourceTree = "<group>";
		};
		1E90F341197F656E00F95859 /* Products */ = {
			isa = PBXGroup;
			children = (
				1E90F340197F656E00F95859 /* swift-sample.app */,
				1E90F354197F656E00F95859 /* swift-sampleTests.xctest */,
			);
			name = Products;
			sourceTree = "<group>";
		};
		1E90F342197F656E00F95859 /* swift-sample */ = {
			isa = PBXGroup;
			children = (
				1E90F345197F656E00F95859 /* AppDelegate.swift */,
				1E90F347197F656E00F95859 /* MasterViewController.swift */,
				1E90F349197F656E00F95859 /* DetailViewController.swift */,
				1E90F34B197F656E00F95859 /* Main.storyboard */,
				1E90F34E197F656E00F95859 /* Images.xcassets */,
				1E90F343197F656E00F95859 /* Supporting Files */,
			);
			path = "swift-sample";
			sourceTree = "<group>";
		};
		1E90F343197F656E00F95859 /* Supporting Files */ = {
			isa = PBXGroup;
			children = (
				1E90F344197F656E00F95859 /* Info.plist */,
			);
			name = "Supporting Files";
			sourceTree = "<group>";
		};
		1E90F357197F656E00F95859 /* swift-sampleTests */ = {
			isa = PBXGroup;
			children = (
				1E90F35A197F656E00F95859 /* swift_sampleTests.swift */,
				1E90F358197F656E00F95859 /* Supporting Files */,
			);
			path = "swift-sampleTests";
			sourceTree = "<group>";
		};
		1E90F358197F656E00F95859 /* Supporting Files */ = {
			isa = PBXGroup;
			children = (
				1E90F359197F656E00F95859 /* Info.plist */,
			);
			name = "Supporting Files";
			sourceTree = "<group>";
		};
/* End PBXGroup section */

/* Begin PBXNativeTarget section */
		1E90F33F197F656E00F95859 /* swift-sample */ = {
			isa = PBXNativeTarget;
			buildConfigurationList = 1E90F35E197F656E00F95859 /* Build configuration list for PBXNativeTarget "swift-sample" */;
			buildPhases = (
				1E90F33C197F656E00F95859 /* Sources */,
				1E90F33D197F656E00F95859 /* Frameworks */,
				1E90F33E197F656E00F95859 /* Resources */,
			);
			buildRules = (
			);
			dependencies = (
			);
			name = "swift-sample";
			productName = "swift-sample";
			productReference = 1E90F340197F656E00F95859 /* swift-sample.app */;
			productType = "com.apple.product-type.application";
		};
		1E90F353197F656E00F95859 /* swift-sampleTests */ = {
			isa = PBXNativeTarget;
			buildConfigurationList = 1E90F361197F656E00F95859 /* Build configuration list for PBXNativeTarget "swift-sampleTests" */;
			buildPhases = (
				1E90F350197F656E00F95859 /* Sources */,
				1E90F351197F656E00F95859 /* Frameworks */,
				1E90F352197F656E00F95859 /* Resources */,
			);
			buildRules = (
			);
			dependencies = (
				1E90F356197F656E00F95859 /* PBXTargetDependency */,
			);
			name = "swift-sampleTests";
			productName = "swift-sampleTests";
			productReference = 1E90F354197F656E00F95859 /* swift-sampleTests.xctest */;
			productType = "com.apple.product-type.bundle.unit-test";
		};
/* End PBXNativeTarget section */

/* Begin PBXProject section */
		1E90F338197F656E00F95859 /* Project object */ = {
			isa = PBXProject;
			attributes = {
				LastUpgradeCheck = 0600;
				ORGANIZATIONNAME = asache3;
				TargetAttributes = {
					1E90F33F197F656E00F95859 = {
						CreatedOnToolsVersion = 6.0;
					};
					1E90F353197F656E00F95859 = {
						CreatedOnToolsVersion = 6.0;
						TestTargetID = 1E90F33F197F656E00F95859;
					};
				};
			};
			buildConfigurationList = 1E90F33B197F656E00F95859 /* Build configuration list for PBXProject "swift-sample" */;
			compatibilityVersion = "Xcode 3.2";
			developmentRegion = English;
			hasScannedForEncodings = 0;
			knownRegions = (
				en,
				Base,
			);
			mainGroup = 1E90F337197F656E00F95859;
			productRefGroup = 1E90F341197F656E00F95859 /* Products */;
			projectDirPath = "";
			projectRoot = "";
			targets = (
				1E90F33F197F656E00F95859 /* swift-sample */,
				1E90F353197F656E00F95859 /* swift-sampleTests */,
			);
		};
/* End PBXProject section */

/* Begin PBXResourcesBuildPhase section */
		1E90F33E197F656E00F95859 /* Resources */ = {
			isa = PBXResourcesBuildPhase;
			buildActionMask = 2147483647;
			files = (
				1E90F34D197F656E00F95859 /* Main.storyboard in Resources */,
				1E90F34F197F656E00F95859 /* Images.xcassets in Resources */,
			);
			runOnlyForDeploymentPostprocessing = 0;
		};
		1E90F352197F656E00F95859 /* Resources */ = {
			isa = PBXResourcesBuildPhase;
			buildActionMask = 2147483647;
			files = (
			);
			runOnlyForDeploymentPostprocessing = 0;
		};
/* End PBXResourcesBuildPhase section */

/* Begin PBXSourcesBuildPhase section */
		1E90F33C197F656E00F95859 /* Sources */ = {
			isa = PBXSourcesBuildPhase;
			buildActionMask = 2147483647;
			files = (
				1E90F34A197F656E00F95859 /* DetailViewController.swift in Sources */,
				1E90F348197F656E00F95859 /* MasterViewController.swift in Sources */,
				1E90F346197F656E00F95859 /* AppDelegate.swift in Sources */,
			);
			runOnlyForDeploymentPostprocessing = 0;
		};
		1E90F350197F656E00F95859 /* Sources */ = {
			isa = PBXSourcesBuildPhase;
			buildActionMask = 2147483647;
			files = (
				1E90F35B197F656E00F95859 /* swift_sampleTests.swift in Sources */,
			);
			runOnlyForDeploymentPostprocessing = 0;
		};
/* End PBXSourcesBuildPhase section */

/* Begin PBXTargetDependency section */
		1E90F356197F656E00F95859 /* PBXTargetDependency */ = {
			isa = PBXTargetDependency;
			target = 1E90F33F197F656E00F95859 /* swift-sample */;
			targetProxy = 1E90F355197F656E00F95859 /* PBXContainerItemProxy */;
		};
/* End PBXTargetDependency section */

/* Begin PBXVariantGroup section */
		1E90F34B197F656E00F95859 /* Main.storyboard */ = {
			isa = PBXVariantGroup;
			children = (
				1E90F34C197F656E00F95859 /* Base */,
			);
			name = Main.storyboard;
			sourceTree = "<group>";
		};
/* End PBXVariantGroup section */

/* Begin XCBuildConfiguration section */
		1E90F35C197F656E00F95859 /* Debug */ = {
			isa = XCBuildConfiguration;
			buildSettings = {
				ALWAYS_SEARCH_USER_PATHS = NO;
				CLANG_CXX_LANGUAGE_STANDARD = "gnu++0x";
				CLANG_CXX_LIBRARY = "libc++";
				CLANG_ENABLE_MODULES = YES;
				CLANG_ENABLE_OBJC_ARC = YES;
				CLANG_WARN_BOOL_CONVERSION = YES;
				CLANG_WARN_CONSTANT_CONVERSION = YES;
				CLANG_WARN_DIRECT_OBJC_ISA_USAGE = YES_ERROR;
				CLANG_WARN_EMPTY_BODY = YES;
				CLANG_WARN_ENUM_CONVERSION = YES;
				CLANG_WARN_INT_CONVERSION = YES;
				CLANG_WARN_OBJC_ROOT_CLASS = YES_ERROR;
				CLANG_WARN_UNREACHABLE_CODE = YES;
				CLANG_WARN__DUPLICATE_METHOD_MATCH = YES;
				"CODE_SIGN_IDENTITY[sdk=iphoneos*]" = "iPhone Developer";
				COPY_PHASE_STRIP = NO;
				ENABLE_STRICT_OBJC_MSGSEND = YES;
				GCC_C_LANGUAGE_STANDARD = gnu99;
				GCC_DYNAMIC_NO_PIC = NO;
				GCC_OPTIMIZATION_LEVEL = 0;
				GCC_PREPROCESSOR_DEFINITIONS = (
					"DEBUG=1",
					"$(inherited)",
				);
				GCC_SYMBOLS_PRIVATE_EXTERN = NO;
				GCC_WARN_64_TO_32_BIT_CONVERSION = YES;
				GCC_WARN_ABOUT_RETURN_TYPE = YES_ERROR;
				GCC_WARN_UNDECLARED_SELECTOR = YES;
				GCC_WARN_UNINITIALIZED_AUTOS = YES_AGGRESSIVE;
				GCC_WARN_UNUSED_FUNCTION = YES;
				GCC_WARN_UNUSED_VARIABLE = YES;
				IPHONEOS_DEPLOYMENT_TARGET = 8.0;
				MTL_ENABLE_DEBUG_INFO = YES;
				ONLY_ACTIVE_ARCH = YES;
				SDKROOT = iphoneos;
				SWIFT_OPTIMIZATION_LEVEL = "-Onone";
			};
			name = Debug;
		};
		1E90F35D197F656E00F95859 /* Release */ = {
			isa = XCBuildConfiguration;
			buildSettings = {
				ALWAYS_SEARCH_USER_PATHS = NO;
				CLANG_CXX_LANGUAGE_STANDARD = "gnu++0x";
				CLANG_CXX_LIBRARY = "libc++";
				CLANG_ENABLE_MODULES = YES;
				CLANG_ENABLE_OBJC_ARC = YES;
				CLANG_WARN_BOOL_CONVERSION = YES;
				CLANG_WARN_CONSTANT_CONVERSION = YES;
				CLANG_WARN_DIRECT_OBJC_ISA_USAGE = YES_ERROR;
				CLANG_WARN_EMPTY_BODY = YES;
				CLANG_WARN_ENUM_CONVERSION = YES;
				CLANG_WARN_INT_CONVERSION = YES;
				CLANG_WARN_OBJC_ROOT_CLASS = YES_ERROR;
				CLANG_WARN_UNREACHABLE_CODE = YES;
				CLANG_WARN__DUPLICATE_METHOD_MATCH = YES;
				"CODE_SIGN_IDENTITY[sdk=iphoneos*]" = "iPhone Developer";
				COPY_PHASE_STRIP = YES;
				ENABLE_NS_ASSERTIONS = NO;
				ENABLE_STRICT_OBJC_MSGSEND = YES;
				GCC_C_LANGUAGE_STANDARD = gnu99;
				GCC_WARN_64_TO_32_BIT_CONVERSION = YES;
				GCC_WARN_ABOUT_RETURN_TYPE = YES_ERROR;
				GCC_WARN_UNDECLARED_SELECTOR = YES;
				GCC_WARN_UNINITIALIZED_AUTOS = YES_AGGRESSIVE;
				GCC_WARN_UNUSED_FUNCTION = YES;
				GCC_WARN_UNUSED_VARIABLE = YES;
				IPHONEOS_DEPLOYMENT_TARGET = 8.0;
				MTL_ENABLE_DEBUG_INFO = NO;
				SDKROOT = iphoneos;
				VALIDATE_PRODUCT = YES;
			};
			name = Release;
		};
		1E90F35F197F656E00F95859 /* Debug */ = {
			isa = XCBuildConfiguration;
			buildSettings = {
				ASSETCATALOG_COMPILER_APPICON_NAME = AppIcon;
				ASSETCATALOG_COMPILER_LAUNCHIMAGE_NAME = LaunchImage;
				INFOPLIST_FILE = "swift-sample/Info.plist";
				LD_RUNPATH_SEARCH_PATHS = "$(inherited) @executable_path/Frameworks";
				PRODUCT_NAME = "$(TARGET_NAME)";
			};
			name = Debug;
		};
		1E90F360197F656E00F95859 /* Release */ = {
			isa = XCBuildConfiguration;
			buildSettings = {
				ASSETCATALOG_COMPILER_APPICON_NAME = AppIcon;
				ASSETCATALOG_COMPILER_LAUNCHIMAGE_NAME = LaunchImage;
				INFOPLIST_FILE = "swift-sample/Info.plist";
				LD_RUNPATH_SEARCH_PATHS = "$(inherited) @executable_path/Frameworks";
				PRODUCT_NAME = "$(TARGET_NAME)";
			};
			name = Release;
		};
		1E90F362197F656E00F95859 /* Debug */ = {
			isa = XCBuildConfiguration;
			buildSettings = {
				BUNDLE_LOADER = "$(BUILT_PRODUCTS_DIR)/swift-sample.app/swift-sample";
				FRAMEWORK_SEARCH_PATHS = (
					"$(SDKROOT)/Developer/Library/Frameworks",
					"$(inherited)",
				);
				GCC_PREPROCESSOR_DEFINITIONS = (
					"DEBUG=1",
					"$(inherited)",
				);
				INFOPLIST_FILE = "swift-sampleTests/Info.plist";
				LD_RUNPATH_SEARCH_PATHS = "$(inherited) @executable_path/Frameworks @loader_path/Frameworks";
				PRODUCT_NAME = "$(TARGET_NAME)";
				TEST_HOST = "$(BUNDLE_LOADER)";
			};
			name = Debug;
		};
		1E90F363197F656E00F95859 /* Release */ = {
			isa = XCBuildConfiguration;
			buildSettings = {
				BUNDLE_LOADER = "$(BUILT_PRODUCTS_DIR)/swift-sample.app/swift-sample";
				FRAMEWORK_SEARCH_PATHS = (
					"$(SDKROOT)/Developer/Library/Frameworks",
					"$(inherited)",
				);
				INFOPLIST_FILE = "swift-sampleTests/Info.plist";
				LD_RUNPATH_SEARCH_PATHS = "$(inherited) @executable_path/Frameworks @loader_path/Frameworks";
				PRODUCT_NAME = "$(TARGET_NAME)";
				TEST_HOST = "$(BUNDLE_LOADER)";
			};
			name = Release;
		};
/* End XCBuildConfiguration section */

/* Begin XCConfigurationList section */
		1E90F33B197F656E00F95859 /* Build configuration list for PBXProject "swift-sample" */ = {
			isa = XCConfigurationList;
			buildConfigurations = (
				1E90F35C197F656E00F95859 /* Debug */,
				1E90F35D197F656E00F95859 /* Release */,
			);
			defaultConfigurationIsVisible = 0;
			defaultConfigurationName = Release;
		};
		1E90F35E197F656E00F95859 /* Build configuration list for PBXNativeTarget "swift-sample" */ = {
			isa = XCConfigurationList;
			buildConfigurations = (
				1E90F35F197F656E00F95859 /* Debug */,
				1E90F360197F656E00F95859 /* Release */,
			);
			defaultConfigurationIsVisible = 0;
		};
		1E90F361197F656E00F95859 /* Build configuration list for PBXNativeTarget "swift-sampleTests" */ = {
			isa = XCConfigurationList;
			buildConfigurations = (
				1E90F362197F656E00F95859 /* Debug */,
				1E90F363197F656E00F95859 /* Release */,
			);
			defaultConfigurationIsVisible = 0;
		};
/* End XCConfigurationList section */
	};
	rootObject = 1E90F338197F656E00F95859 /* Project object */;
}
